
Microsoft Visual Studio Solution File, Format Version 12.00
# Visual Studio Version 16
VisualStudioVersion = 16.0.29709.97
MinimumVisualStudioVersion = 10.0.40219.1
Project("{FAE04EC0-301F-11D3-BF4B-00C04F79EFBC}") = "WF.Entities", "WFEntities\WF.Entities.csproj", "{0F7403E5-1012-4231-B60B-F92DA0E32370}"
EndProject
Project("{FAE04EC0-301F-11D3-BF4B-00C04F79EFBC}") = "WF.DataAccess", "WF.DataAccess\WF.DataAccess.csproj", "{65DAC2E5-847C-45C2-91F1-24E35BBED5FE}"
EndProject
Project("{FAE04EC0-301F-11D3-BF4B-00C04F79EFBC}") = "WF.Business", "WF.Business\WF.Business.csproj", "{553F4A78-1C4B-40A4-82BD-9E2A9B7CC39D}"
EndProject
Project("{FAE04EC0-301F-11D3-BF4B-00C04F79EFBC}") = "WF.WebFormsUI", "WF.WebFormsUI\WF.WebFormsUI.csproj", "{F6988E1A-75BE-40B4-BF8B-908A339DCB67}"
EndProject
Global
	GlobalSection(SolutionConfigurationPlatforms) = preSolution
		Debug|Any CPU = Debug|Any CPU
		Release|Any CPU = Release|Any CPU
	EndGlobalSection
	GlobalSection(ProjectConfigurationPlatforms) = postSolution
		{0F7403E5-1012-4231-B60B-F92DA0E32370}.Debug|Any CPU.ActiveCfg = Debug|Any CPU
		{0F7403E5-1012-4231-B60B-F92DA0E32370}.Debug|Any CPU.Build.0 = Debug|Any CPU
		{0F7403E5-1012-4231-B60B-F92DA0E32370}.Release|Any CPU.ActiveCfg = Release|Any CPU
		{0F7403E5-1012-4231-B60B-F92DA0E32370}.Release|Any CPU.Build.0 = Release|Any CPU
		{65DAC2E5-847C-45C2-91F1-24E35BBED5FE}.Debug|Any CPU.ActiveCfg = Debug|Any CPU
		{65DAC2E5-847C-45C2-91F1-24E35BBED5FE}.Debug|Any CPU.Build.0 = Debug|Any CPU
		{65DAC2E5-847C-45C2-91F1-24E35BBED5FE}.Release|Any CPU.ActiveCfg = Release|Any CPU
		{65DAC2E5-847C-45C2-91F1-24E35BBED5FE}.Release|Any CPU.Build.0 = Release|Any CPU
		{553F4A78-1C4B-40A4-82BD-9E2A9B7CC39D}.Debug|Any CPU.ActiveCfg = Debug|Any CPU
		{553F4A78-1C4B-40A4-82BD-9E2A9B7CC39D}.Debug|Any CPU.Build.0 = Debug|Any CPU
		{553F4A78-1C4B-40A4-82BD-9E2A9B7CC39D}.Release|Any CPU.ActiveCfg = Release|Any CPU
		{553F4A78-1C4B-40A4-82BD-9E2A9B7CC39D}.Release|Any CPU.Build.0 = Release|Any CPU
		{F6988E1A-75BE-40B4-BF8B-908A339DCB67}.Debug|Any CPU.ActiveCfg = Debug|Any CPU
		{F6988E1A-75BE-40B4-BF8B-908A339DCB67}.Debug|Any CPU.Build.0 = Debug|Any CPU
		{F6988E1A-75BE-40B4-BF8B-908A339DCB67}.Release|Any CPU.ActiveCfg = Release|Any CPU
		{F6988E1A-75BE-40B4-BF8B-908A339DCB67}.Release|Any CPU.Build.0 = Release|Any CPU
	EndGlobalSection
	GlobalSection(SolutionProperties) = preSolution
		HideSolutionNode = FALSE
	EndGlobalSection
	GlobalSection(ExtensibilityGlobals) = postSolution
		SolutionGuid = {F633478E-A082-4780-A8F9-ECA22C6015D7}
	EndGlobalSection
EndGlobal
